
Microsoft Visual Studio Solution File, Format Version 12.00
# Visual Studio Version 17
VisualStudioVersion = 17.3.32929.385
MinimumVisualStudioVersion = 10.0.40219.1
Project("{FAE04EC0-301F-11D3-BF4B-00C04F79EFBC}") = "MDK0101", "MDK0101\MDK0101.csproj", "{C76BAC57-916F-48D2-B28B-3489C4B1D1AF}"
EndProject
Project("{FAE04EC0-301F-11D3-BF4B-00C04F79EFBC}") = "MDK0101Tests", "MDK0101Tests\MDK0101Tests.csproj", "{A44D96AB-AB5C-4A9C-9097-12DD796DBF7F}"
EndProject
Global
	GlobalSection(SolutionConfigurationPlatforms) = preSolution
		Debug|Any CPU = Debug|Any CPU
		Release|Any CPU = Release|Any CPU
	EndGlobalSection
	GlobalSection(ProjectConfigurationPlatforms) = postSolution
		{C76BAC57-916F-48D2-B28B-3489C4B1D1AF}.Debug|Any CPU.ActiveCfg = Debug|Any CPU
		{C76BAC57-916F-48D2-B28B-3489C4B1D1AF}.Debug|Any CPU.Build.0 = Debug|Any CPU
		{C76BAC57-916F-48D2-B28B-3489C4B1D1AF}.Release|Any CPU.ActiveCfg = Release|Any CPU
		{C76BAC57-916F-48D2-B28B-3489C4B1D1AF}.Release|Any CPU.Build.0 = Release|Any CPU
		{A44D96AB-AB5C-4A9C-9097-12DD796DBF7F}.Debug|Any CPU.ActiveCfg = Debug|Any CPU
		{A44D96AB-AB5C-4A9C-9097-12DD796DBF7F}.Debug|Any CPU.Build.0 = Debug|Any CPU
		{A44D96AB-AB5C-4A9C-9097-12DD796DBF7F}.Release|Any CPU.ActiveCfg = Release|Any CPU
		{A44D96AB-AB5C-4A9C-9097-12DD796DBF7F}.Release|Any CPU.Build.0 = Release|Any CPU
	EndGlobalSection
	GlobalSection(SolutionProperties) = preSolution
		HideSolutionNode = FALSE
	EndGlobalSection
	GlobalSection(ExtensibilityGlobals) = postSolution
		SolutionGuid = {AC6EAD5E-E26C-4985-84E1-BBB0A206D92E}
	EndGlobalSection
EndGlobal
